// !$*UTF8*$!
{
	archiveVersion = 1;
	classes = {
	};
	objectVersion = 46;
	objects = {

/* Begin PBXBuildFile section */
		388067F91D15701C00FE87E8 /* DashboardViewController.swift in Sources */ = {isa = PBXBuildFile; fileRef = 388067F81D15701C00FE87E8 /* DashboardViewController.swift */; };
		388067FD1D157FE200FE87E8 /* Promise.swift in Sources */ = {isa = PBXBuildFile; fileRef = 388067FB1D157FE200FE87E8 /* Promise.swift */; };
		388067FE1D157FE200FE87E8 /* Result.swift in Sources */ = {isa = PBXBuildFile; fileRef = 388067FC1D157FE200FE87E8 /* Result.swift */; };
		388068001D171F3000FE87E8 /* RedViewController.swift in Sources */ = {isa = PBXBuildFile; fileRef = 388067FF1D171F3000FE87E8 /* RedViewController.swift */; };
		38B6ABBD1D1A65E00000A063 /* BlueViewController.swift in Sources */ = {isa = PBXBuildFile; fileRef = 38B6ABBC1D1A65E00000A063 /* BlueViewController.swift */; };
		38BD713A1D1028620003E986 /* Completable.swift in Sources */ = {isa = PBXBuildFile; fileRef = 38BD71391D1028620003E986 /* Completable.swift */; };
		38D6FC4C1D101F05002C0A5B /* AppDelegate.swift in Sources */ = {isa = PBXBuildFile; fileRef = 38D6FC4B1D101F05002C0A5B /* AppDelegate.swift */; };
		38D6FC4E1D101F05002C0A5B /* ViewController.swift in Sources */ = {isa = PBXBuildFile; fileRef = 38D6FC4D1D101F05002C0A5B /* ViewController.swift */; };
		38D6FC531D101F05002C0A5B /* Assets.xcassets in Resources */ = {isa = PBXBuildFile; fileRef = 38D6FC521D101F05002C0A5B /* Assets.xcassets */; };
		38D6FC561D101F05002C0A5B /* LaunchScreen.storyboard in Resources */ = {isa = PBXBuildFile; fileRef = 38D6FC541D101F05002C0A5B /* LaunchScreen.storyboard */; };
		38D6FC611D101F06002C0A5B /* routingTests.swift in Sources */ = {isa = PBXBuildFile; fileRef = 38D6FC601D101F06002C0A5B /* routingTests.swift */; };
		38D6FC6D1D10214A002C0A5B /* Router.swift in Sources */ = {isa = PBXBuildFile; fileRef = 38D6FC6C1D10214A002C0A5B /* Router.swift */; };
/* End PBXBuildFile section */

/* Begin PBXContainerItemProxy section */
		38D6FC5D1D101F06002C0A5B /* PBXContainerItemProxy */ = {
			isa = PBXContainerItemProxy;
			containerPortal = 38D6FC401D101F05002C0A5B /* Project object */;
			proxyType = 1;
			remoteGlobalIDString = 38D6FC471D101F05002C0A5B;
			remoteInfo = routing;
		};
/* End PBXContainerItemProxy section */

/* Begin PBXFileReference section */
		388067F81D15701C00FE87E8 /* DashboardViewController.swift */ = {isa = PBXFileReference; fileEncoding = 4; lastKnownFileType = sourcecode.swift; path = DashboardViewController.swift; sourceTree = "<group>"; };
		388067FB1D157FE200FE87E8 /* Promise.swift */ = {isa = PBXFileReference; fileEncoding = 4; lastKnownFileType = sourcecode.swift; path = Promise.swift; sourceTree = "<group>"; };
		388067FC1D157FE200FE87E8 /* Result.swift */ = {isa = PBXFileReference; fileEncoding = 4; lastKnownFileType = sourcecode.swift; path = Result.swift; sourceTree = "<group>"; };
		388067FF1D171F3000FE87E8 /* RedViewController.swift */ = {isa = PBXFileReference; fileEncoding = 4; lastKnownFileType = sourcecode.swift; path = RedViewController.swift; sourceTree = "<group>"; };
		38B6ABBC1D1A65E00000A063 /* BlueViewController.swift */ = {isa = PBXFileReference; fileEncoding = 4; lastKnownFileType = sourcecode.swift; path = BlueViewController.swift; sourceTree = "<group>"; };
		38BD71391D1028620003E986 /* Completable.swift */ = {isa = PBXFileReference; fileEncoding = 4; lastKnownFileType = sourcecode.swift; path = Completable.swift; sourceTree = "<group>"; };
		38D6FC481D101F05002C0A5B /* routing.app */ = {isa = PBXFileReference; explicitFileType = wrapper.application; includeInIndex = 0; path = routing.app; sourceTree = BUILT_PRODUCTS_DIR; };
		38D6FC4B1D101F05002C0A5B /* AppDelegate.swift */ = {isa = PBXFileReference; lastKnownFileType = sourcecode.swift; path = AppDelegate.swift; sourceTree = "<group>"; };
		38D6FC4D1D101F05002C0A5B /* ViewController.swift */ = {isa = PBXFileReference; lastKnownFileType = sourcecode.swift; path = ViewController.swift; sourceTree = "<group>"; };
		38D6FC521D101F05002C0A5B /* Assets.xcassets */ = {isa = PBXFileReference; lastKnownFileType = folder.assetcatalog; path = Assets.xcassets; sourceTree = "<group>"; };
		38D6FC551D101F05002C0A5B /* Base */ = {isa = PBXFileReference; lastKnownFileType = file.storyboard; name = Base; path = Base.lproj/LaunchScreen.storyboard; sourceTree = "<group>"; };
		38D6FC571D101F05002C0A5B /* Info.plist */ = {isa = PBXFileReference; lastKnownFileType = text.plist.xml; path = Info.plist; sourceTree = "<group>"; };
		38D6FC5C1D101F06002C0A5B /* routingTests.xctest */ = {isa = PBXFileReference; explicitFileType = wrapper.cfbundle; includeInIndex = 0; path = routingTests.xctest; sourceTree = BUILT_PRODUCTS_DIR; };
		38D6FC601D101F06002C0A5B /* routingTests.swift */ = {isa = PBXFileReference; lastKnownFileType = sourcecode.swift; path = routingTests.swift; sourceTree = "<group>"; };
		38D6FC621D101F06002C0A5B /* Info.plist */ = {isa = PBXFileReference; lastKnownFileType = text.plist.xml; path = Info.plist; sourceTree = "<group>"; };
		38D6FC6C1D10214A002C0A5B /* Router.swift */ = {isa = PBXFileReference; fileEncoding = 4; lastKnownFileType = sourcecode.swift; path = Router.swift; sourceTree = "<group>"; };
/* End PBXFileReference section */

/* Begin PBXFrameworksBuildPhase section */
		38D6FC451D101F05002C0A5B /* Frameworks */ = {
			isa = PBXFrameworksBuildPhase;
			buildActionMask = 2147483647;
			files = (
			);
			runOnlyForDeploymentPostprocessing = 0;
		};
		38D6FC591D101F06002C0A5B /* Frameworks */ = {
			isa = PBXFrameworksBuildPhase;
			buildActionMask = 2147483647;
			files = (
			);
			runOnlyForDeploymentPostprocessing = 0;
		};
/* End PBXFrameworksBuildPhase section */

/* Begin PBXGroup section */
		38D6FC3F1D101F05002C0A5B = {
			isa = PBXGroup;
			children = (
				38D6FC4A1D101F05002C0A5B /* routing */,
				38D6FC5F1D101F06002C0A5B /* routingTests */,
				38D6FC491D101F05002C0A5B /* Products */,
			);
			sourceTree = "<group>";
		};
		38D6FC491D101F05002C0A5B /* Products */ = {
			isa = PBXGroup;
			children = (
				38D6FC481D101F05002C0A5B /* routing.app */,
				38D6FC5C1D101F06002C0A5B /* routingTests.xctest */,
			);
			name = Products;
			sourceTree = "<group>";
		};
		38D6FC4A1D101F05002C0A5B /* routing */ = {
			isa = PBXGroup;
			children = (
				38D6FC6B1D101F18002C0A5B /* Supporting Files */,
				38D6FC4B1D101F05002C0A5B /* AppDelegate.swift */,
				38D6FC4D1D101F05002C0A5B /* ViewController.swift */,
				38D6FC6C1D10214A002C0A5B /* Router.swift */,
				38BD71391D1028620003E986 /* Completable.swift */,
				388067F81D15701C00FE87E8 /* DashboardViewController.swift */,
				388067FB1D157FE200FE87E8 /* Promise.swift */,
				388067FC1D157FE200FE87E8 /* Result.swift */,
				388067FF1D171F3000FE87E8 /* RedViewController.swift */,
				38B6ABBC1D1A65E00000A063 /* BlueViewController.swift */,
			);
			path = routing;
			sourceTree = "<group>";
		};
		38D6FC5F1D101F06002C0A5B /* routingTests */ = {
			isa = PBXGroup;
			children = (
				38D6FC601D101F06002C0A5B /* routingTests.swift */,
				38D6FC621D101F06002C0A5B /* Info.plist */,
			);
			path = routingTests;
			sourceTree = "<group>";
		};
		38D6FC6B1D101F18002C0A5B /* Supporting Files */ = {
			isa = PBXGroup;
			children = (
				38D6FC521D101F05002C0A5B /* Assets.xcassets */,
				38D6FC541D101F05002C0A5B /* LaunchScreen.storyboard */,
				38D6FC571D101F05002C0A5B /* Info.plist */,
			);
			name = "Supporting Files";
			sourceTree = "<group>";
		};
/* End PBXGroup section */

/* Begin PBXNativeTarget section */
		38D6FC471D101F05002C0A5B /* routing */ = {
			isa = PBXNativeTarget;
			buildConfigurationList = 38D6FC651D101F06002C0A5B /* Build configuration list for PBXNativeTarget "routing" */;
			buildPhases = (
				38D6FC441D101F05002C0A5B /* Sources */,
				38D6FC451D101F05002C0A5B /* Frameworks */,
				38D6FC461D101F05002C0A5B /* Resources */,
				38BD713C1D11426E0003E986 /* SwiftLint */,
			);
			buildRules = (
			);
			dependencies = (
			);
			name = routing;
			productName = routing;
			productReference = 38D6FC481D101F05002C0A5B /* routing.app */;
			productType = "com.apple.product-type.application";
		};
		38D6FC5B1D101F06002C0A5B /* routingTests */ = {
			isa = PBXNativeTarget;
			buildConfigurationList = 38D6FC681D101F06002C0A5B /* Build configuration list for PBXNativeTarget "routingTests" */;
			buildPhases = (
				38D6FC581D101F06002C0A5B /* Sources */,
				38D6FC591D101F06002C0A5B /* Frameworks */,
				38D6FC5A1D101F06002C0A5B /* Resources */,
			);
			buildRules = (
			);
			dependencies = (
				38D6FC5E1D101F06002C0A5B /* PBXTargetDependency */,
			);
			name = routingTests;
			productName = routingTests;
			productReference = 38D6FC5C1D101F06002C0A5B /* routingTests.xctest */;
			productType = "com.apple.product-type.bundle.unit-test";
		};
/* End PBXNativeTarget section */

/* Begin PBXProject section */
		38D6FC401D101F05002C0A5B /* Project object */ = {
			isa = PBXProject;
			attributes = {
				LastSwiftUpdateCheck = 0800;
				LastUpgradeCheck = 0800;
				ORGANIZATIONNAME = "Gerrit Menzel";
				TargetAttributes = {
					38D6FC471D101F05002C0A5B = {
						CreatedOnToolsVersion = 8.0;
						DevelopmentTeam = NNYZ47TN74;
						DevelopmentTeamName = "Gerrit Menzel (Personal Team)";
						ProvisioningStyle = Automatic;
					};
					38D6FC5B1D101F06002C0A5B = {
						CreatedOnToolsVersion = 8.0;
						DevelopmentTeam = NNYZ47TN74;
						DevelopmentTeamName = "Gerrit Menzel (Personal Team)";
						ProvisioningStyle = Automatic;
						TestTargetID = 38D6FC471D101F05002C0A5B;
					};
				};
			};
			buildConfigurationList = 38D6FC431D101F05002C0A5B /* Build configuration list for PBXProject "routing" */;
			compatibilityVersion = "Xcode 3.2";
			developmentRegion = English;
			hasScannedForEncodings = 0;
			knownRegions = (
				en,
				Base,
			);
			mainGroup = 38D6FC3F1D101F05002C0A5B;
			productRefGroup = 38D6FC491D101F05002C0A5B /* Products */;
			projectDirPath = "";
			projectRoot = "";
			targets = (
				38D6FC471D101F05002C0A5B /* routing */,
				38D6FC5B1D101F06002C0A5B /* routingTests */,
			);
		};
/* End PBXProject section */

/* Begin PBXResourcesBuildPhase section */
		38D6FC461D101F05002C0A5B /* Resources */ = {
			isa = PBXResourcesBuildPhase;
			buildActionMask = 2147483647;
			files = (
				38D6FC561D101F05002C0A5B /* LaunchScreen.storyboard in Resources */,
				38D6FC531D101F05002C0A5B /* Assets.xcassets in Resources */,
			);
			runOnlyForDeploymentPostprocessing = 0;
		};
		38D6FC5A1D101F06002C0A5B /* Resources */ = {
			isa = PBXResourcesBuildPhase;
			buildActionMask = 2147483647;
			files = (
			);
			runOnlyForDeploymentPostprocessing = 0;
		};
/* End PBXResourcesBuildPhase section */

/* Begin PBXShellScriptBuildPhase section */
		38BD713C1D11426E0003E986 /* SwiftLint */ = {
			isa = PBXShellScriptBuildPhase;
			buildActionMask = 2147483647;
			files = (
			);
			inputPaths = (
			);
			name = SwiftLint;
			outputPaths = (
			);
			runOnlyForDeploymentPostprocessing = 0;
			shellPath = /bin/sh;
			shellScript = "if which swiftlint >/dev/null; then\n    swiftlint\nelse\n    echo \"warning: SwiftLint not installed, download from https://github.com/realm/SwiftLint\"\nfi";
		};
/* End PBXShellScriptBuildPhase section */

/* Begin PBXSourcesBuildPhase section */
		38D6FC441D101F05002C0A5B /* Sources */ = {
			isa = PBXSourcesBuildPhase;
			buildActionMask = 2147483647;
			files = (
				38BD713A1D1028620003E986 /* Completable.swift in Sources */,
				38D6FC4E1D101F05002C0A5B /* ViewController.swift in Sources */,
				388067F91D15701C00FE87E8 /* DashboardViewController.swift in Sources */,
				38D6FC6D1D10214A002C0A5B /* Router.swift in Sources */,
				388068001D171F3000FE87E8 /* RedViewController.swift in Sources */,
				388067FE1D157FE200FE87E8 /* Result.swift in Sources */,
				38D6FC4C1D101F05002C0A5B /* AppDelegate.swift in Sources */,
				38B6ABBD1D1A65E00000A063 /* BlueViewController.swift in Sources */,
				388067FD1D157FE200FE87E8 /* Promise.swift in Sources */,
			);
			runOnlyForDeploymentPostprocessing = 0;
		};
		38D6FC581D101F06002C0A5B /* Sources */ = {
			isa = PBXSourcesBuildPhase;
			buildActionMask = 2147483647;
			files = (
				38D6FC611D101F06002C0A5B /* routingTests.swift in Sources */,
			);
			runOnlyForDeploymentPostprocessing = 0;
		};
/* End PBXSourcesBuildPhase section */

/* Begin PBXTargetDependency section */
		38D6FC5E1D101F06002C0A5B /* PBXTargetDependency */ = {
			isa = PBXTargetDependency;
			target = 38D6FC471D101F05002C0A5B /* routing */;
			targetProxy = 38D6FC5D1D101F06002C0A5B /* PBXContainerItemProxy */;
		};
/* End PBXTargetDependency section */

/* Begin PBXVariantGroup section */
		38D6FC541D101F05002C0A5B /* LaunchScreen.storyboard */ = {
			isa = PBXVariantGroup;
			children = (
				38D6FC551D101F05002C0A5B /* Base */,
			);
			name = LaunchScreen.storyboard;
			sourceTree = "<group>";
		};
/* End PBXVariantGroup section */

/* Begin XCBuildConfiguration section */
		38D6FC631D101F06002C0A5B /* Debug */ = {
			isa = XCBuildConfiguration;
			buildSettings = {
				ALWAYS_SEARCH_USER_PATHS = NO;
				CLANG_ANALYZER_NONNULL = YES;
				CLANG_CXX_LANGUAGE_STANDARD = "gnu++0x";
				CLANG_CXX_LIBRARY = "libc++";
				CLANG_ENABLE_MODULES = YES;
				CLANG_ENABLE_OBJC_ARC = YES;
				CLANG_WARN_BOOL_CONVERSION = YES;
				CLANG_WARN_CONSTANT_CONVERSION = YES;
				CLANG_WARN_DIRECT_OBJC_ISA_USAGE = YES_ERROR;
				CLANG_WARN_DOCUMENTATION_COMMENTS = YES;
				CLANG_WARN_EMPTY_BODY = YES;
				CLANG_WARN_ENUM_CONVERSION = YES;
				CLANG_WARN_INT_CONVERSION = YES;
				CLANG_WARN_OBJC_ROOT_CLASS = YES_ERROR;
				CLANG_WARN_UNREACHABLE_CODE = YES;
				CLANG_WARN__DUPLICATE_METHOD_MATCH = YES;
				"CODE_SIGN_IDENTITY[sdk=iphoneos*]" = "iPhone Developer";
				COPY_PHASE_STRIP = NO;
				DEBUG_INFORMATION_FORMAT = dwarf;
				ENABLE_STRICT_OBJC_MSGSEND = YES;
				ENABLE_TESTABILITY = YES;
				GCC_C_LANGUAGE_STANDARD = gnu99;
				GCC_DYNAMIC_NO_PIC = NO;
				GCC_NO_COMMON_BLOCKS = YES;
				GCC_OPTIMIZATION_LEVEL = 0;
				GCC_PREPROCESSOR_DEFINITIONS = (
					"DEBUG=1",
					"$(inherited)",
				);
				GCC_WARN_64_TO_32_BIT_CONVERSION = YES;
				GCC_WARN_ABOUT_RETURN_TYPE = YES_ERROR;
				GCC_WARN_UNDECLARED_SELECTOR = YES;
				GCC_WARN_UNINITIALIZED_AUTOS = YES_AGGRESSIVE;
				GCC_WARN_UNUSED_FUNCTION = YES;
				GCC_WARN_UNUSED_VARIABLE = YES;
				IPHONEOS_DEPLOYMENT_TARGET = 10.0;
				MTL_ENABLE_DEBUG_INFO = YES;
				ONLY_ACTIVE_ARCH = YES;
				SDKROOT = iphoneos;
				SWIFT_ACTIVE_COMPILATION_CONDITIONS = DEBUG;
				SWIFT_OPTIMIZATION_LEVEL = "-Onone";
				TARGETED_DEVICE_FAMILY = "1,2";
			};
			name = Debug;
		};
		38D6FC641D101F06002C0A5B /* Release */ = {
			isa = XCBuildConfiguration;
			buildSettings = {
				ALWAYS_SEARCH_USER_PATHS = NO;
				CLANG_ANALYZER_NONNULL = YES;
				CLANG_CXX_LANGUAGE_STANDARD = "gnu++0x";
				CLANG_CXX_LIBRARY = "libc++";
				CLANG_ENABLE_MODULES = YES;
				CLANG_ENABLE_OBJC_ARC = YES;
				CLANG_WARN_BOOL_CONVERSION = YES;
				CLANG_WARN_CONSTANT_CONVERSION = YES;
				CLANG_WARN_DIRECT_OBJC_ISA_USAGE = YES_ERROR;
				CLANG_WARN_DOCUMENTATION_COMMENTS = YES;
				CLANG_WARN_EMPTY_BODY = YES;
				CLANG_WARN_ENUM_CONVERSION = YES;
				CLANG_WARN_INT_CONVERSION = YES;
				CLANG_WARN_OBJC_ROOT_CLASS = YES_ERROR;
				CLANG_WARN_UNREACHABLE_CODE = YES;
				CLANG_WARN__DUPLICATE_METHOD_MATCH = YES;
				"CODE_SIGN_IDENTITY[sdk=iphoneos*]" = "iPhone Developer";
				COPY_PHASE_STRIP = NO;
				DEBUG_INFORMATION_FORMAT = "dwarf-with-dsym";
				ENABLE_NS_ASSERTIONS = NO;
				ENABLE_STRICT_OBJC_MSGSEND = YES;
				GCC_C_LANGUAGE_STANDARD = gnu99;
				GCC_NO_COMMON_BLOCKS = YES;
				GCC_WARN_64_TO_32_BIT_CONVERSION = YES;
				GCC_WARN_ABOUT_RETURN_TYPE = YES_ERROR;
				GCC_WARN_UNDECLARED_SELECTOR = YES;
				GCC_WARN_UNINITIALIZED_AUTOS = YES_AGGRESSIVE;
				GCC_WARN_UNUSED_FUNCTION = YES;
				GCC_WARN_UNUSED_VARIABLE = YES;
				IPHONEOS_DEPLOYMENT_TARGET = 10.0;
				MTL_ENABLE_DEBUG_INFO = NO;
				SDKROOT = iphoneos;
				SWIFT_OPTIMIZATION_LEVEL = "-Owholemodule";
				TARGETED_DEVICE_FAMILY = "1,2";
				VALIDATE_PRODUCT = YES;
			};
			name = Release;
		};
		38D6FC661D101F06002C0A5B /* Debug */ = {
			isa = XCBuildConfiguration;
			buildSettings = {
				ASSETCATALOG_COMPILER_APPICON_NAME = AppIcon;
				INFOPLIST_FILE = routing/Info.plist;
				LD_RUNPATH_SEARCH_PATHS = "$(inherited) @executable_path/Frameworks";
				PRODUCT_BUNDLE_IDENTIFIER = de.geme.routing;
				PRODUCT_NAME = "$(TARGET_NAME)";
				SWIFT_VERSION = 3.0;
			};
			name = Debug;
		};
		38D6FC671D101F06002C0A5B /* Release */ = {
			isa = XCBuildConfiguration;
			buildSettings = {
				ASSETCATALOG_COMPILER_APPICON_NAME = AppIcon;
				INFOPLIST_FILE = routing/Info.plist;
				LD_RUNPATH_SEARCH_PATHS = "$(inherited) @executable_path/Frameworks";
				PRODUCT_BUNDLE_IDENTIFIER = de.geme.routing;
				PRODUCT_NAME = "$(TARGET_NAME)";
				SWIFT_VERSION = 3.0;
			};
			name = Release;
		};
		38D6FC691D101F06002C0A5B /* Debug */ = {
			isa = XCBuildConfiguration;
			buildSettings = {
				BUNDLE_LOADER = "$(TEST_HOST)";
				INFOPLIST_FILE = routingTests/Info.plist;
				LD_RUNPATH_SEARCH_PATHS = "$(inherited) @executable_path/Frameworks @loader_path/Frameworks";
				PRODUCT_BUNDLE_IDENTIFIER = de.geme.routingTests;
				PRODUCT_NAME = "$(TARGET_NAME)";
				SWIFT_VERSION = 3.0;
				TEST_HOST = "$(BUILT_PRODUCTS_DIR)/routing.app/routing";
			};
			name = Debug;
		};
		38D6FC6A1D101F06002C0A5B /* Release */ = {
			isa = XCBuildConfiguration;
			buildSettings = {
				BUNDLE_LOADER = "$(TEST_HOST)";
				INFOPLIST_FILE = routingTests/Info.plist;
				LD_RUNPATH_SEARCH_PATHS = "$(inherited) @executable_path/Frameworks @loader_path/Frameworks";
				PRODUCT_BUNDLE_IDENTIFIER = de.geme.routingTests;
				PRODUCT_NAME = "$(TARGET_NAME)";
				SWIFT_VERSION = 3.0;
				TEST_HOST = "$(BUILT_PRODUCTS_DIR)/routing.app/routing";
			};
			name = Release;
		};
/* End XCBuildConfiguration section */

/* Begin XCConfigurationList section */
		38D6FC431D101F05002C0A5B /* Build configuration list for PBXProject "routing" */ = {
			isa = XCConfigurationList;
			buildConfigurations = (
				38D6FC631D101F06002C0A5B /* Debug */,
				38D6FC641D101F06002C0A5B /* Release */,
			);
			defaultConfigurationIsVisible = 0;
			defaultConfigurationName = Release;
		};
		38D6FC651D101F06002C0A5B /* Build configuration list for PBXNativeTarget "routing" */ = {
			isa = XCConfigurationList;
			buildConfigurations = (
				38D6FC661D101F06002C0A5B /* Debug */,
				38D6FC671D101F06002C0A5B /* Release */,
			);
			defaultConfigurationIsVisible = 0;
			defaultConfigurationName = Release;
		};
		38D6FC681D101F06002C0A5B /* Build configuration list for PBXNativeTarget "routingTests" */ = {
			isa = XCConfigurationList;
			buildConfigurations = (
				38D6FC691D101F06002C0A5B /* Debug */,
				38D6FC6A1D101F06002C0A5B /* Release */,
			);
			defaultConfigurationIsVisible = 0;
			defaultConfigurationName = Release;
		};
/* End XCConfigurationList section */
	};
	rootObject = 38D6FC401D101F05002C0A5B /* Project object */;
}
